
Microsoft Visual Studio Solution File, Format Version 12.00
# Visual Studio Version 17
VisualStudioVersion = 17.2.32630.192
MinimumVisualStudioVersion = 10.0.40219.1
Project("{FAE04EC0-301F-11D3-BF4B-00C04F79EFBC}") = "Lesson2", "Lesson2\Lesson2.csproj", "{6C519E5B-8336-4D23-B348-FF7F16ACFD29}"
EndProject
Project("{FAE04EC0-301F-11D3-BF4B-00C04F79EFBC}") = "Temperature", "Temperature\Temperature.csproj", "{D243B558-C6F9-4A59-8EF3-EE3B984F8123}"
EndProject
Project("{FAE04EC0-301F-11D3-BF4B-00C04F79EFBC}") = "IncrementAndDecrement", "IncrementAndDecrement\IncrementAndDecrement.csproj", "{94096568-92B9-4210-983A-334DF79BC2FB}"
EndProject
Project("{FAE04EC0-301F-11D3-BF4B-00C04F79EFBC}") = "CheckVariables", "CheckVariables\CheckVariables.csproj", "{F5ACD8B5-4B7B-4122-96D7-9B4678C00092}"
EndProject
Global
	GlobalSection(SolutionConfigurationPlatforms) = preSolution
		Debug|Any CPU = Debug|Any CPU
		Release|Any CPU = Release|Any CPU
	EndGlobalSection
	GlobalSection(ProjectConfigurationPlatforms) = postSolution
		{6C519E5B-8336-4D23-B348-FF7F16ACFD29}.Debug|Any CPU.ActiveCfg = Debug|Any CPU
		{6C519E5B-8336-4D23-B348-FF7F16ACFD29}.Debug|Any CPU.Build.0 = Debug|Any CPU
		{6C519E5B-8336-4D23-B348-FF7F16ACFD29}.Release|Any CPU.ActiveCfg = Release|Any CPU
		{6C519E5B-8336-4D23-B348-FF7F16ACFD29}.Release|Any CPU.Build.0 = Release|Any CPU
		{D243B558-C6F9-4A59-8EF3-EE3B984F8123}.Debug|Any CPU.ActiveCfg = Debug|Any CPU
		{D243B558-C6F9-4A59-8EF3-EE3B984F8123}.Debug|Any CPU.Build.0 = Debug|Any CPU
		{D243B558-C6F9-4A59-8EF3-EE3B984F8123}.Release|Any CPU.ActiveCfg = Release|Any CPU
		{D243B558-C6F9-4A59-8EF3-EE3B984F8123}.Release|Any CPU.Build.0 = Release|Any CPU
		{94096568-92B9-4210-983A-334DF79BC2FB}.Debug|Any CPU.ActiveCfg = Debug|Any CPU
		{94096568-92B9-4210-983A-334DF79BC2FB}.Debug|Any CPU.Build.0 = Debug|Any CPU
		{94096568-92B9-4210-983A-334DF79BC2FB}.Release|Any CPU.ActiveCfg = Release|Any CPU
		{94096568-92B9-4210-983A-334DF79BC2FB}.Release|Any CPU.Build.0 = Release|Any CPU
		{F5ACD8B5-4B7B-4122-96D7-9B4678C00092}.Debug|Any CPU.ActiveCfg = Debug|Any CPU
		{F5ACD8B5-4B7B-4122-96D7-9B4678C00092}.Debug|Any CPU.Build.0 = Debug|Any CPU
		{F5ACD8B5-4B7B-4122-96D7-9B4678C00092}.Release|Any CPU.ActiveCfg = Release|Any CPU
		{F5ACD8B5-4B7B-4122-96D7-9B4678C00092}.Release|Any CPU.Build.0 = Release|Any CPU
	EndGlobalSection
	GlobalSection(SolutionProperties) = preSolution
		HideSolutionNode = FALSE
	EndGlobalSection
	GlobalSection(ExtensibilityGlobals) = postSolution
		SolutionGuid = {CF9CA8D4-6C99-408B-8063-89FB75294561}
	EndGlobalSection
EndGlobal
